
Microsoft Visual Studio Solution File, Format Version 12.00
# Visual Studio Version 17
VisualStudioVersion = 17.4.33403.182
MinimumVisualStudioVersion = 10.0.40219.1
Project("{8BC9CEB8-8B4A-11D0-8D11-00A0C91BC942}") = "AISD_Laba_21", "AISD_Laba_21\AISD_Laba_21.vcxproj", "{AD54F44B-551D-4615-89EA-500263EDA1E7}"
EndProject
Global
	GlobalSection(SolutionConfigurationPlatforms) = preSolution
		Debug|x64 = Debug|x64
		Debug|x86 = Debug|x86
		Release|x64 = Release|x64
		Release|x86 = Release|x86
	EndGlobalSection
	GlobalSection(ProjectConfigurationPlatforms) = postSolution
		{AD54F44B-551D-4615-89EA-500263EDA1E7}.Debug|x64.ActiveCfg = Debug|x64
		{AD54F44B-551D-4615-89EA-500263EDA1E7}.Debug|x64.Build.0 = Debug|x64
		{AD54F44B-551D-4615-89EA-500263EDA1E7}.Debug|x86.ActiveCfg = Debug|Win32
		{AD54F44B-551D-4615-89EA-500263EDA1E7}.Debug|x86.Build.0 = Debug|Win32
		{AD54F44B-551D-4615-89EA-500263EDA1E7}.Release|x64.ActiveCfg = Release|x64
		{AD54F44B-551D-4615-89EA-500263EDA1E7}.Release|x64.Build.0 = Release|x64
		{AD54F44B-551D-4615-89EA-500263EDA1E7}.Release|x86.ActiveCfg = Release|Win32
		{AD54F44B-551D-4615-89EA-500263EDA1E7}.Release|x86.Build.0 = Release|Win32
	EndGlobalSection
	GlobalSection(SolutionProperties) = preSolution
		HideSolutionNode = FALSE
	EndGlobalSection
	GlobalSection(ExtensibilityGlobals) = postSolution
		SolutionGuid = {E6E6CC5D-2D10-43E9-BB50-414C5769BAF9}
	EndGlobalSection
EndGlobal
